
Microsoft Visual Studio Solution File, Format Version 12.00
# Visual Studio 14
VisualStudioVersion = 14.0.24720.0
MinimumVisualStudioVersion = 10.0.40219.1
Project("{FAE04EC0-301F-11D3-BF4B-00C04F79EFBC}") = "GrowBot.API", "GrowBot.API\GrowBot.API.csproj", "{642DAEDA-3D12-453E-B137-0E94F3D1D24D}"
EndProject
Project("{FAE04EC0-301F-11D3-BF4B-00C04F79EFBC}") = "GrowBot.API.Repository", "GrowBot.Repository\GrowBot.API.Repository.csproj", "{0E2A866E-8BB5-4541-99A3-CDA604135B5D}"
EndProject
Project("{FAE04EC0-301F-11D3-BF4B-00C04F79EFBC}") = "GrowBot.DTO", "GrowBot.DTO\GrowBot.DTO.csproj", "{569D1742-6F1A-4F11-8DC1-BD9F4E84FA48}"
EndProject
Project("{FAE04EC0-301F-11D3-BF4B-00C04F79EFBC}") = "GrowBot.API.Entities", "GrowBot.Entitie\GrowBot.API.Entities.csproj", "{01C3F5A7-9957-45E6-A5EF-1F50AAD0E536}"
EndProject
Project("{FAE04EC0-301F-11D3-BF4B-00C04F79EFBC}") = "GrowBot.API.Factories", "GrowBot.Factories\GrowBot.API.Factories.csproj", "{494D0885-BCF9-41B3-AB5C-22C305BE3646}"
EndProject
Project("{FAE04EC0-301F-11D3-BF4B-00C04F79EFBC}") = "GrowBot.Website", "GrowBot.Website\GrowBot.Website.csproj", "{D756D2D6-316A-4B38-808E-B118802349BB}"
EndProject
Project("{FAE04EC0-301F-11D3-BF4B-00C04F79EFBC}") = "GrowBot.Constants", "GrowBot.Constants\GrowBot.Constants.csproj", "{8B6B7334-C76A-4CB2-BC78-4666E1E99313}"
EndProject
Project("{FAE04EC0-301F-11D3-BF4B-00C04F79EFBC}") = "GrowBot.UnitTests", "GrowBot.UnitTests\GrowBot.UnitTests.csproj", "{6F31E535-2B00-45B9-B5BC-49D93E3388B9}"
EndProject
Project("{FAE04EC0-301F-11D3-BF4B-00C04F79EFBC}") = "GrowBot.API.DbContext", "GrowBot.API.DbContext\GrowBot.API.DbContext.csproj", "{0B155162-99D6-42D1-9142-E310B40A7950}"
EndProject
Project("{2150E333-8FDC-42A3-9474-1A3956D46DE8}") = "Solution Items", "Solution Items", "{36F7C54F-CDC5-4523-8495-40021E845768}"
EndProject
Project("{FAE04EC0-301F-11D3-BF4B-00C04F79EFBC}") = "GrowBot.IntergrationTests", "GrowBot.API.IntergrationTests\GrowBot.IntergrationTests.csproj", "{08715C84-4B0E-413C-A509-D9FC73A91EA4}"
EndProject
Global
	GlobalSection(SolutionConfigurationPlatforms) = preSolution
		Debug|Android = Debug|Android
		Debug|Any CPU = Debug|Any CPU
		Debug|ARM = Debug|ARM
		Debug|iOS = Debug|iOS
		Debug|Windows Phone (Universal) = Debug|Windows Phone (Universal)
		Debug|Windows Phone 8 = Debug|Windows Phone 8
		Debug|Windows-AnyCPU = Debug|Windows-AnyCPU
		Debug|Windows-ARM = Debug|Windows-ARM
		Debug|Windows-x64 = Debug|Windows-x64
		Debug|Windows-x86 = Debug|Windows-x86
		Debug|x64 = Debug|x64
		Debug|x86 = Debug|x86
		Release|Android = Release|Android
		Release|Any CPU = Release|Any CPU
		Release|ARM = Release|ARM
		Release|iOS = Release|iOS
		Release|Windows Phone (Universal) = Release|Windows Phone (Universal)
		Release|Windows Phone 8 = Release|Windows Phone 8
		Release|Windows-AnyCPU = Release|Windows-AnyCPU
		Release|Windows-ARM = Release|Windows-ARM
		Release|Windows-x64 = Release|Windows-x64
		Release|Windows-x86 = Release|Windows-x86
		Release|x64 = Release|x64
		Release|x86 = Release|x86
	EndGlobalSection
	GlobalSection(ProjectConfigurationPlatforms) = postSolution
		{642DAEDA-3D12-453E-B137-0E94F3D1D24D}.Debug|Android.ActiveCfg = Debug|Any CPU
		{642DAEDA-3D12-453E-B137-0E94F3D1D24D}.Debug|Android.Build.0 = Debug|Any CPU
		{642DAEDA-3D12-453E-B137-0E94F3D1D24D}.Debug|Any CPU.ActiveCfg = Debug|Any CPU
		{642DAEDA-3D12-453E-B137-0E94F3D1D24D}.Debug|Any CPU.Build.0 = Debug|Any CPU
		{642DAEDA-3D12-453E-B137-0E94F3D1D24D}.Debug|ARM.ActiveCfg = Debug|Any CPU
		{642DAEDA-3D12-453E-B137-0E94F3D1D24D}.Debug|ARM.Build.0 = Debug|Any CPU
		{642DAEDA-3D12-453E-B137-0E94F3D1D24D}.Debug|iOS.ActiveCfg = Debug|Any CPU
		{642DAEDA-3D12-453E-B137-0E94F3D1D24D}.Debug|iOS.Build.0 = Debug|Any CPU
		{642DAEDA-3D12-453E-B137-0E94F3D1D24D}.Debug|Windows Phone (Universal).ActiveCfg = Debug|Any CPU
		{642DAEDA-3D12-453E-B137-0E94F3D1D24D}.Debug|Windows Phone (Universal).Build.0 = Debug|Any CPU
		{642DAEDA-3D12-453E-B137-0E94F3D1D24D}.Debug|Windows Phone 8.ActiveCfg = Debug|Any CPU
		{642DAEDA-3D12-453E-B137-0E94F3D1D24D}.Debug|Windows Phone 8.Build.0 = Debug|Any CPU
		{642DAEDA-3D12-453E-B137-0E94F3D1D24D}.Debug|Windows-AnyCPU.ActiveCfg = Debug|Any CPU
		{642DAEDA-3D12-453E-B137-0E94F3D1D24D}.Debug|Windows-AnyCPU.Build.0 = Debug|Any CPU
		{642DAEDA-3D12-453E-B137-0E94F3D1D24D}.Debug|Windows-ARM.ActiveCfg = Debug|Any CPU
		{642DAEDA-3D12-453E-B137-0E94F3D1D24D}.Debug|Windows-ARM.Build.0 = Debug|Any CPU
		{642DAEDA-3D12-453E-B137-0E94F3D1D24D}.Debug|Windows-x64.ActiveCfg = Debug|Any CPU
		{642DAEDA-3D12-453E-B137-0E94F3D1D24D}.Debug|Windows-x64.Build.0 = Debug|Any CPU
		{642DAEDA-3D12-453E-B137-0E94F3D1D24D}.Debug|Windows-x86.ActiveCfg = Debug|Any CPU
		{642DAEDA-3D12-453E-B137-0E94F3D1D24D}.Debug|Windows-x86.Build.0 = Debug|Any CPU
		{642DAEDA-3D12-453E-B137-0E94F3D1D24D}.Debug|x64.ActiveCfg = Debug|Any CPU
		{642DAEDA-3D12-453E-B137-0E94F3D1D24D}.Debug|x64.Build.0 = Debug|Any CPU
		{642DAEDA-3D12-453E-B137-0E94F3D1D24D}.Debug|x86.ActiveCfg = Debug|Any CPU
		{642DAEDA-3D12-453E-B137-0E94F3D1D24D}.Debug|x86.Build.0 = Debug|Any CPU
		{642DAEDA-3D12-453E-B137-0E94F3D1D24D}.Release|Android.ActiveCfg = Release|Any CPU
		{642DAEDA-3D12-453E-B137-0E94F3D1D24D}.Release|Android.Build.0 = Release|Any CPU
		{642DAEDA-3D12-453E-B137-0E94F3D1D24D}.Release|Any CPU.ActiveCfg = Release|Any CPU
		{642DAEDA-3D12-453E-B137-0E94F3D1D24D}.Release|Any CPU.Build.0 = Release|Any CPU
		{642DAEDA-3D12-453E-B137-0E94F3D1D24D}.Release|ARM.ActiveCfg = Release|Any CPU
		{642DAEDA-3D12-453E-B137-0E94F3D1D24D}.Release|ARM.Build.0 = Release|Any CPU
		{642DAEDA-3D12-453E-B137-0E94F3D1D24D}.Release|iOS.ActiveCfg = Release|Any CPU
		{642DAEDA-3D12-453E-B137-0E94F3D1D24D}.Release|iOS.Build.0 = Release|Any CPU
		{642DAEDA-3D12-453E-B137-0E94F3D1D24D}.Release|Windows Phone (Universal).ActiveCfg = Release|Any CPU
		{642DAEDA-3D12-453E-B137-0E94F3D1D24D}.Release|Windows Phone (Universal).Build.0 = Release|Any CPU
		{642DAEDA-3D12-453E-B137-0E94F3D1D24D}.Release|Windows Phone 8.ActiveCfg = Release|Any CPU
		{642DAEDA-3D12-453E-B137-0E94F3D1D24D}.Release|Windows Phone 8.Build.0 = Release|Any CPU
		{642DAEDA-3D12-453E-B137-0E94F3D1D24D}.Release|Windows-AnyCPU.ActiveCfg = Release|Any CPU
		{642DAEDA-3D12-453E-B137-0E94F3D1D24D}.Release|Windows-AnyCPU.Build.0 = Release|Any CPU
		{642DAEDA-3D12-453E-B137-0E94F3D1D24D}.Release|Windows-ARM.ActiveCfg = Release|Any CPU
		{642DAEDA-3D12-453E-B137-0E94F3D1D24D}.Release|Windows-ARM.Build.0 = Release|Any CPU
		{642DAEDA-3D12-453E-B137-0E94F3D1D24D}.Release|Windows-x64.ActiveCfg = Release|Any CPU
		{642DAEDA-3D12-453E-B137-0E94F3D1D24D}.Release|Windows-x64.Build.0 = Release|Any CPU
		{642DAEDA-3D12-453E-B137-0E94F3D1D24D}.Release|Windows-x86.ActiveCfg = Release|Any CPU
		{642DAEDA-3D12-453E-B137-0E94F3D1D24D}.Release|Windows-x86.Build.0 = Release|Any CPU
		{642DAEDA-3D12-453E-B137-0E94F3D1D24D}.Release|x64.ActiveCfg = Release|Any CPU
		{642DAEDA-3D12-453E-B137-0E94F3D1D24D}.Release|x64.Build.0 = Release|Any CPU
		{642DAEDA-3D12-453E-B137-0E94F3D1D24D}.Release|x86.ActiveCfg = Release|Any CPU
		{642DAEDA-3D12-453E-B137-0E94F3D1D24D}.Release|x86.Build.0 = Release|Any CPU
		{0E2A866E-8BB5-4541-99A3-CDA604135B5D}.Debug|Android.ActiveCfg = Debug|Any CPU
		{0E2A866E-8BB5-4541-99A3-CDA604135B5D}.Debug|Android.Build.0 = Debug|Any CPU
		{0E2A866E-8BB5-4541-99A3-CDA604135B5D}.Debug|Any CPU.ActiveCfg = Debug|Any CPU
		{0E2A866E-8BB5-4541-99A3-CDA604135B5D}.Debug|Any CPU.Build.0 = Debug|Any CPU
		{0E2A866E-8BB5-4541-99A3-CDA604135B5D}.Debug|ARM.ActiveCfg = Debug|Any CPU
		{0E2A866E-8BB5-4541-99A3-CDA604135B5D}.Debug|ARM.Build.0 = Debug|Any CPU
		{0E2A866E-8BB5-4541-99A3-CDA604135B5D}.Debug|iOS.ActiveCfg = Debug|Any CPU
		{0E2A866E-8BB5-4541-99A3-CDA604135B5D}.Debug|iOS.Build.0 = Debug|Any CPU
		{0E2A866E-8BB5-4541-99A3-CDA604135B5D}.Debug|Windows Phone (Universal).ActiveCfg = Debug|Any CPU
		{0E2A866E-8BB5-4541-99A3-CDA604135B5D}.Debug|Windows Phone (Universal).Build.0 = Debug|Any CPU
		{0E2A866E-8BB5-4541-99A3-CDA604135B5D}.Debug|Windows Phone 8.ActiveCfg = Debug|Any CPU
		{0E2A866E-8BB5-4541-99A3-CDA604135B5D}.Debug|Windows Phone 8.Build.0 = Debug|Any CPU
		{0E2A866E-8BB5-4541-99A3-CDA604135B5D}.Debug|Windows-AnyCPU.ActiveCfg = Debug|Any CPU
		{0E2A866E-8BB5-4541-99A3-CDA604135B5D}.Debug|Windows-AnyCPU.Build.0 = Debug|Any CPU
		{0E2A866E-8BB5-4541-99A3-CDA604135B5D}.Debug|Windows-ARM.ActiveCfg = Debug|Any CPU
		{0E2A866E-8BB5-4541-99A3-CDA604135B5D}.Debug|Windows-ARM.Build.0 = Debug|Any CPU
		{0E2A866E-8BB5-4541-99A3-CDA604135B5D}.Debug|Windows-x64.ActiveCfg = Debug|Any CPU
		{0E2A866E-8BB5-4541-99A3-CDA604135B5D}.Debug|Windows-x64.Build.0 = Debug|Any CPU
		{0E2A866E-8BB5-4541-99A3-CDA604135B5D}.Debug|Windows-x86.ActiveCfg = Debug|Any CPU
		{0E2A866E-8BB5-4541-99A3-CDA604135B5D}.Debug|Windows-x86.Build.0 = Debug|Any CPU
		{0E2A866E-8BB5-4541-99A3-CDA604135B5D}.Debug|x64.ActiveCfg = Debug|Any CPU
		{0E2A866E-8BB5-4541-99A3-CDA604135B5D}.Debug|x64.Build.0 = Debug|Any CPU
		{0E2A866E-8BB5-4541-99A3-CDA604135B5D}.Debug|x86.ActiveCfg = Debug|Any CPU
		{0E2A866E-8BB5-4541-99A3-CDA604135B5D}.Debug|x86.Build.0 = Debug|Any CPU
		{0E2A866E-8BB5-4541-99A3-CDA604135B5D}.Release|Android.ActiveCfg = Release|Any CPU
		{0E2A866E-8BB5-4541-99A3-CDA604135B5D}.Release|Android.Build.0 = Release|Any CPU
		{0E2A866E-8BB5-4541-99A3-CDA604135B5D}.Release|Any CPU.ActiveCfg = Release|Any CPU
		{0E2A866E-8BB5-4541-99A3-CDA604135B5D}.Release|Any CPU.Build.0 = Release|Any CPU
		{0E2A866E-8BB5-4541-99A3-CDA604135B5D}.Release|ARM.ActiveCfg = Release|Any CPU
		{0E2A866E-8BB5-4541-99A3-CDA604135B5D}.Release|ARM.Build.0 = Release|Any CPU
		{0E2A866E-8BB5-4541-99A3-CDA604135B5D}.Release|iOS.ActiveCfg = Release|Any CPU
		{0E2A866E-8BB5-4541-99A3-CDA604135B5D}.Release|iOS.Build.0 = Release|Any CPU
		{0E2A866E-8BB5-4541-99A3-CDA604135B5D}.Release|Windows Phone (Universal).ActiveCfg = Release|Any CPU
		{0E2A866E-8BB5-4541-99A3-CDA604135B5D}.Release|Windows Phone (Universal).Build.0 = Release|Any CPU
		{0E2A866E-8BB5-4541-99A3-CDA604135B5D}.Release|Windows Phone 8.ActiveCfg = Release|Any CPU
		{0E2A866E-8BB5-4541-99A3-CDA604135B5D}.Release|Windows Phone 8.Build.0 = Release|Any CPU
		{0E2A866E-8BB5-4541-99A3-CDA604135B5D}.Release|Windows-AnyCPU.ActiveCfg = Release|Any CPU
		{0E2A866E-8BB5-4541-99A3-CDA604135B5D}.Release|Windows-AnyCPU.Build.0 = Release|Any CPU
		{0E2A866E-8BB5-4541-99A3-CDA604135B5D}.Release|Windows-ARM.ActiveCfg = Release|Any CPU
		{0E2A866E-8BB5-4541-99A3-CDA604135B5D}.Release|Windows-ARM.Build.0 = Release|Any CPU
		{0E2A866E-8BB5-4541-99A3-CDA604135B5D}.Release|Windows-x64.ActiveCfg = Release|Any CPU
		{0E2A866E-8BB5-4541-99A3-CDA604135B5D}.Release|Windows-x64.Build.0 = Release|Any CPU
		{0E2A866E-8BB5-4541-99A3-CDA604135B5D}.Release|Windows-x86.ActiveCfg = Release|Any CPU
		{0E2A866E-8BB5-4541-99A3-CDA604135B5D}.Release|Windows-x86.Build.0 = Release|Any CPU
		{0E2A866E-8BB5-4541-99A3-CDA604135B5D}.Release|x64.ActiveCfg = Release|Any CPU
		{0E2A866E-8BB5-4541-99A3-CDA604135B5D}.Release|x64.Build.0 = Release|Any CPU
		{0E2A866E-8BB5-4541-99A3-CDA604135B5D}.Release|x86.ActiveCfg = Release|Any CPU
		{0E2A866E-8BB5-4541-99A3-CDA604135B5D}.Release|x86.Build.0 = Release|Any CPU
		{569D1742-6F1A-4F11-8DC1-BD9F4E84FA48}.Debug|Android.ActiveCfg = Debug|Any CPU
		{569D1742-6F1A-4F11-8DC1-BD9F4E84FA48}.Debug|Android.Build.0 = Debug|Any CPU
		{569D1742-6F1A-4F11-8DC1-BD9F4E84FA48}.Debug|Any CPU.ActiveCfg = Debug|Any CPU
		{569D1742-6F1A-4F11-8DC1-BD9F4E84FA48}.Debug|Any CPU.Build.0 = Debug|Any CPU
		{569D1742-6F1A-4F11-8DC1-BD9F4E84FA48}.Debug|ARM.ActiveCfg = Debug|Any CPU
		{569D1742-6F1A-4F11-8DC1-BD9F4E84FA48}.Debug|ARM.Build.0 = Debug|Any CPU
		{569D1742-6F1A-4F11-8DC1-BD9F4E84FA48}.Debug|iOS.ActiveCfg = Debug|Any CPU
		{569D1742-6F1A-4F11-8DC1-BD9F4E84FA48}.Debug|iOS.Build.0 = Debug|Any CPU
		{569D1742-6F1A-4F11-8DC1-BD9F4E84FA48}.Debug|Windows Phone (Universal).ActiveCfg = Debug|Any CPU
		{569D1742-6F1A-4F11-8DC1-BD9F4E84FA48}.Debug|Windows Phone (Universal).Build.0 = Debug|Any CPU
		{569D1742-6F1A-4F11-8DC1-BD9F4E84FA48}.Debug|Windows Phone 8.ActiveCfg = Debug|Any CPU
		{569D1742-6F1A-4F11-8DC1-BD9F4E84FA48}.Debug|Windows Phone 8.Build.0 = Debug|Any CPU
		{569D1742-6F1A-4F11-8DC1-BD9F4E84FA48}.Debug|Windows-AnyCPU.ActiveCfg = Debug|Any CPU
		{569D1742-6F1A-4F11-8DC1-BD9F4E84FA48}.Debug|Windows-AnyCPU.Build.0 = Debug|Any CPU
		{569D1742-6F1A-4F11-8DC1-BD9F4E84FA48}.Debug|Windows-ARM.ActiveCfg = Debug|Any CPU
		{569D1742-6F1A-4F11-8DC1-BD9F4E84FA48}.Debug|Windows-ARM.Build.0 = Debug|Any CPU
		{569D1742-6F1A-4F11-8DC1-BD9F4E84FA48}.Debug|Windows-x64.ActiveCfg = Debug|Any CPU
		{569D1742-6F1A-4F11-8DC1-BD9F4E84FA48}.Debug|Windows-x64.Build.0 = Debug|Any CPU
		{569D1742-6F1A-4F11-8DC1-BD9F4E84FA48}.Debug|Windows-x86.ActiveCfg = Debug|Any CPU
		{569D1742-6F1A-4F11-8DC1-BD9F4E84FA48}.Debug|Windows-x86.Build.0 = Debug|Any CPU
		{569D1742-6F1A-4F11-8DC1-BD9F4E84FA48}.Debug|x64.ActiveCfg = Debug|Any CPU
		{569D1742-6F1A-4F11-8DC1-BD9F4E84FA48}.Debug|x64.Build.0 = Debug|Any CPU
		{569D1742-6F1A-4F11-8DC1-BD9F4E84FA48}.Debug|x86.ActiveCfg = Debug|Any CPU
		{569D1742-6F1A-4F11-8DC1-BD9F4E84FA48}.Debug|x86.Build.0 = Debug|Any CPU
		{569D1742-6F1A-4F11-8DC1-BD9F4E84FA48}.Release|Android.ActiveCfg = Release|Any CPU
		{569D1742-6F1A-4F11-8DC1-BD9F4E84FA48}.Release|Android.Build.0 = Release|Any CPU
		{569D1742-6F1A-4F11-8DC1-BD9F4E84FA48}.Release|Any CPU.ActiveCfg = Release|Any CPU
		{569D1742-6F1A-4F11-8DC1-BD9F4E84FA48}.Release|Any CPU.Build.0 = Release|Any CPU
		{569D1742-6F1A-4F11-8DC1-BD9F4E84FA48}.Release|ARM.ActiveCfg = Release|Any CPU
		{569D1742-6F1A-4F11-8DC1-BD9F4E84FA48}.Release|ARM.Build.0 = Release|Any CPU
		{569D1742-6F1A-4F11-8DC1-BD9F4E84FA48}.Release|iOS.ActiveCfg = Release|Any CPU
		{569D1742-6F1A-4F11-8DC1-BD9F4E84FA48}.Release|iOS.Build.0 = Release|Any CPU
		{569D1742-6F1A-4F11-8DC1-BD9F4E84FA48}.Release|Windows Phone (Universal).ActiveCfg = Release|Any CPU
		{569D1742-6F1A-4F11-8DC1-BD9F4E84FA48}.Release|Windows Phone (Universal).Build.0 = Release|Any CPU
		{569D1742-6F1A-4F11-8DC1-BD9F4E84FA48}.Release|Windows Phone 8.ActiveCfg = Release|Any CPU
		{569D1742-6F1A-4F11-8DC1-BD9F4E84FA48}.Release|Windows Phone 8.Build.0 = Release|Any CPU
		{569D1742-6F1A-4F11-8DC1-BD9F4E84FA48}.Release|Windows-AnyCPU.ActiveCfg = Release|Any CPU
		{569D1742-6F1A-4F11-8DC1-BD9F4E84FA48}.Release|Windows-AnyCPU.Build.0 = Release|Any CPU
		{569D1742-6F1A-4F11-8DC1-BD9F4E84FA48}.Release|Windows-ARM.ActiveCfg = Release|Any CPU
		{569D1742-6F1A-4F11-8DC1-BD9F4E84FA48}.Release|Windows-ARM.Build.0 = Release|Any CPU
		{569D1742-6F1A-4F11-8DC1-BD9F4E84FA48}.Release|Windows-x64.ActiveCfg = Release|Any CPU
		{569D1742-6F1A-4F11-8DC1-BD9F4E84FA48}.Release|Windows-x64.Build.0 = Release|Any CPU
		{569D1742-6F1A-4F11-8DC1-BD9F4E84FA48}.Release|Windows-x86.ActiveCfg = Release|Any CPU
		{569D1742-6F1A-4F11-8DC1-BD9F4E84FA48}.Release|Windows-x86.Build.0 = Release|Any CPU
		{569D1742-6F1A-4F11-8DC1-BD9F4E84FA48}.Release|x64.ActiveCfg = Release|Any CPU
		{569D1742-6F1A-4F11-8DC1-BD9F4E84FA48}.Release|x64.Build.0 = Release|Any CPU
		{569D1742-6F1A-4F11-8DC1-BD9F4E84FA48}.Release|x86.ActiveCfg = Release|Any CPU
		{569D1742-6F1A-4F11-8DC1-BD9F4E84FA48}.Release|x86.Build.0 = Release|Any CPU
		{01C3F5A7-9957-45E6-A5EF-1F50AAD0E536}.Debug|Android.ActiveCfg = Debug|Any CPU
		{01C3F5A7-9957-45E6-A5EF-1F50AAD0E536}.Debug|Android.Build.0 = Debug|Any CPU
		{01C3F5A7-9957-45E6-A5EF-1F50AAD0E536}.Debug|Any CPU.ActiveCfg = Debug|Any CPU
		{01C3F5A7-9957-45E6-A5EF-1F50AAD0E536}.Debug|Any CPU.Build.0 = Debug|Any CPU
		{01C3F5A7-9957-45E6-A5EF-1F50AAD0E536}.Debug|ARM.ActiveCfg = Debug|Any CPU
		{01C3F5A7-9957-45E6-A5EF-1F50AAD0E536}.Debug|ARM.Build.0 = Debug|Any CPU
		{01C3F5A7-9957-45E6-A5EF-1F50AAD0E536}.Debug|iOS.ActiveCfg = Debug|Any CPU
		{01C3F5A7-9957-45E6-A5EF-1F50AAD0E536}.Debug|iOS.Build.0 = Debug|Any CPU
		{01C3F5A7-9957-45E6-A5EF-1F50AAD0E536}.Debug|Windows Phone (Universal).ActiveCfg = Debug|Any CPU
		{01C3F5A7-9957-45E6-A5EF-1F50AAD0E536}.Debug|Windows Phone (Universal).Build.0 = Debug|Any CPU
		{01C3F5A7-9957-45E6-A5EF-1F50AAD0E536}.Debug|Windows Phone 8.ActiveCfg = Debug|Any CPU
		{01C3F5A7-9957-45E6-A5EF-1F50AAD0E536}.Debug|Windows Phone 8.Build.0 = Debug|Any CPU
		{01C3F5A7-9957-45E6-A5EF-1F50AAD0E536}.Debug|Windows-AnyCPU.ActiveCfg = Debug|Any CPU
		{01C3F5A7-9957-45E6-A5EF-1F50AAD0E536}.Debug|Windows-AnyCPU.Build.0 = Debug|Any CPU
		{01C3F5A7-9957-45E6-A5EF-1F50AAD0E536}.Debug|Windows-ARM.ActiveCfg = Debug|Any CPU
		{01C3F5A7-9957-45E6-A5EF-1F50AAD0E536}.Debug|Windows-ARM.Build.0 = Debug|Any CPU
		{01C3F5A7-9957-45E6-A5EF-1F50AAD0E536}.Debug|Windows-x64.ActiveCfg = Debug|Any CPU
		{01C3F5A7-9957-45E6-A5EF-1F50AAD0E536}.Debug|Windows-x64.Build.0 = Debug|Any CPU
		{01C3F5A7-9957-45E6-A5EF-1F50AAD0E536}.Debug|Windows-x86.ActiveCfg = Debug|Any CPU
		{01C3F5A7-9957-45E6-A5EF-1F50AAD0E536}.Debug|Windows-x86.Build.0 = Debug|Any CPU
		{01C3F5A7-9957-45E6-A5EF-1F50AAD0E536}.Debug|x64.ActiveCfg = Debug|Any CPU
		{01C3F5A7-9957-45E6-A5EF-1F50AAD0E536}.Debug|x64.Build.0 = Debug|Any CPU
		{01C3F5A7-9957-45E6-A5EF-1F50AAD0E536}.Debug|x86.ActiveCfg = Debug|Any CPU
		{01C3F5A7-9957-45E6-A5EF-1F50AAD0E536}.Debug|x86.Build.0 = Debug|Any CPU
		{01C3F5A7-9957-45E6-A5EF-1F50AAD0E536}.Release|Android.ActiveCfg = Release|Any CPU
		{01C3F5A7-9957-45E6-A5EF-1F50AAD0E536}.Release|Android.Build.0 = Release|Any CPU
		{01C3F5A7-9957-45E6-A5EF-1F50AAD0E536}.Release|Any CPU.ActiveCfg = Release|Any CPU
		{01C3F5A7-9957-45E6-A5EF-1F50AAD0E536}.Release|Any CPU.Build.0 = Release|Any CPU
		{01C3F5A7-9957-45E6-A5EF-1F50AAD0E536}.Release|ARM.ActiveCfg = Release|Any CPU
		{01C3F5A7-9957-45E6-A5EF-1F50AAD0E536}.Release|ARM.Build.0 = Release|Any CPU
		{01C3F5A7-9957-45E6-A5EF-1F50AAD0E536}.Release|iOS.ActiveCfg = Release|Any CPU
		{01C3F5A7-9957-45E6-A5EF-1F50AAD0E536}.Release|iOS.Build.0 = Release|Any CPU
		{01C3F5A7-9957-45E6-A5EF-1F50AAD0E536}.Release|Windows Phone (Universal).ActiveCfg = Release|Any CPU
		{01C3F5A7-9957-45E6-A5EF-1F50AAD0E536}.Release|Windows Phone (Universal).Build.0 = Release|Any CPU
		{01C3F5A7-9957-45E6-A5EF-1F50AAD0E536}.Release|Windows Phone 8.ActiveCfg = Release|Any CPU
		{01C3F5A7-9957-45E6-A5EF-1F50AAD0E536}.Release|Windows Phone 8.Build.0 = Release|Any CPU
		{01C3F5A7-9957-45E6-A5EF-1F50AAD0E536}.Release|Windows-AnyCPU.ActiveCfg = Release|Any CPU
		{01C3F5A7-9957-45E6-A5EF-1F50AAD0E536}.Release|Windows-AnyCPU.Build.0 = Release|Any CPU
		{01C3F5A7-9957-45E6-A5EF-1F50AAD0E536}.Release|Windows-ARM.ActiveCfg = Release|Any CPU
		{01C3F5A7-9957-45E6-A5EF-1F50AAD0E536}.Release|Windows-ARM.Build.0 = Release|Any CPU
		{01C3F5A7-9957-45E6-A5EF-1F50AAD0E536}.Release|Windows-x64.ActiveCfg = Release|Any CPU
		{01C3F5A7-9957-45E6-A5EF-1F50AAD0E536}.Release|Windows-x64.Build.0 = Release|Any CPU
		{01C3F5A7-9957-45E6-A5EF-1F50AAD0E536}.Release|Windows-x86.ActiveCfg = Release|Any CPU
		{01C3F5A7-9957-45E6-A5EF-1F50AAD0E536}.Release|Windows-x86.Build.0 = Release|Any CPU
		{01C3F5A7-9957-45E6-A5EF-1F50AAD0E536}.Release|x64.ActiveCfg = Release|Any CPU
		{01C3F5A7-9957-45E6-A5EF-1F50AAD0E536}.Release|x64.Build.0 = Release|Any CPU
		{01C3F5A7-9957-45E6-A5EF-1F50AAD0E536}.Release|x86.ActiveCfg = Release|Any CPU
		{01C3F5A7-9957-45E6-A5EF-1F50AAD0E536}.Release|x86.Build.0 = Release|Any CPU
		{494D0885-BCF9-41B3-AB5C-22C305BE3646}.Debug|Android.ActiveCfg = Debug|Any CPU
		{494D0885-BCF9-41B3-AB5C-22C305BE3646}.Debug|Android.Build.0 = Debug|Any CPU
		{494D0885-BCF9-41B3-AB5C-22C305BE3646}.Debug|Any CPU.ActiveCfg = Debug|Any CPU
		{494D0885-BCF9-41B3-AB5C-22C305BE3646}.Debug|Any CPU.Build.0 = Debug|Any CPU
		{494D0885-BCF9-41B3-AB5C-22C305BE3646}.Debug|ARM.ActiveCfg = Debug|Any CPU
		{494D0885-BCF9-41B3-AB5C-22C305BE3646}.Debug|ARM.Build.0 = Debug|Any CPU
		{494D0885-BCF9-41B3-AB5C-22C305BE3646}.Debug|iOS.ActiveCfg = Debug|Any CPU
		{494D0885-BCF9-41B3-AB5C-22C305BE3646}.Debug|iOS.Build.0 = Debug|Any CPU
		{494D0885-BCF9-41B3-AB5C-22C305BE3646}.Debug|Windows Phone (Universal).ActiveCfg = Debug|Any CPU
		{494D0885-BCF9-41B3-AB5C-22C305BE3646}.Debug|Windows Phone (Universal).Build.0 = Debug|Any CPU
		{494D0885-BCF9-41B3-AB5C-22C305BE3646}.Debug|Windows Phone 8.ActiveCfg = Debug|Any CPU
		{494D0885-BCF9-41B3-AB5C-22C305BE3646}.Debug|Windows Phone 8.Build.0 = Debug|Any CPU
		{494D0885-BCF9-41B3-AB5C-22C305BE3646}.Debug|Windows-AnyCPU.ActiveCfg = Debug|Any CPU
		{494D0885-BCF9-41B3-AB5C-22C305BE3646}.Debug|Windows-AnyCPU.Build.0 = Debug|Any CPU
		{494D0885-BCF9-41B3-AB5C-22C305BE3646}.Debug|Windows-ARM.ActiveCfg = Debug|Any CPU
		{494D0885-BCF9-41B3-AB5C-22C305BE3646}.Debug|Windows-ARM.Build.0 = Debug|Any CPU
		{494D0885-BCF9-41B3-AB5C-22C305BE3646}.Debug|Windows-x64.ActiveCfg = Debug|Any CPU
		{494D0885-BCF9-41B3-AB5C-22C305BE3646}.Debug|Windows-x64.Build.0 = Debug|Any CPU
		{494D0885-BCF9-41B3-AB5C-22C305BE3646}.Debug|Windows-x86.ActiveCfg = Debug|Any CPU
		{494D0885-BCF9-41B3-AB5C-22C305BE3646}.Debug|Windows-x86.Build.0 = Debug|Any CPU
		{494D0885-BCF9-41B3-AB5C-22C305BE3646}.Debug|x64.ActiveCfg = Debug|Any CPU
		{494D0885-BCF9-41B3-AB5C-22C305BE3646}.Debug|x64.Build.0 = Debug|Any CPU
		{494D0885-BCF9-41B3-AB5C-22C305BE3646}.Debug|x86.ActiveCfg = Debug|Any CPU
		{494D0885-BCF9-41B3-AB5C-22C305BE3646}.Debug|x86.Build.0 = Debug|Any CPU
		{494D0885-BCF9-41B3-AB5C-22C305BE3646}.Release|Android.ActiveCfg = Release|Any CPU
		{494D0885-BCF9-41B3-AB5C-22C305BE3646}.Release|Android.Build.0 = Release|Any CPU
		{494D0885-BCF9-41B3-AB5C-22C305BE3646}.Release|Any CPU.ActiveCfg = Release|Any CPU
		{494D0885-BCF9-41B3-AB5C-22C305BE3646}.Release|Any CPU.Build.0 = Release|Any CPU
		{494D0885-BCF9-41B3-AB5C-22C305BE3646}.Release|ARM.ActiveCfg = Release|Any CPU
		{494D0885-BCF9-41B3-AB5C-22C305BE3646}.Release|ARM.Build.0 = Release|Any CPU
		{494D0885-BCF9-41B3-AB5C-22C305BE3646}.Release|iOS.ActiveCfg = Release|Any CPU
		{494D0885-BCF9-41B3-AB5C-22C305BE3646}.Release|iOS.Build.0 = Release|Any CPU
		{494D0885-BCF9-41B3-AB5C-22C305BE3646}.Release|Windows Phone (Universal).ActiveCfg = Release|Any CPU
		{494D0885-BCF9-41B3-AB5C-22C305BE3646}.Release|Windows Phone (Universal).Build.0 = Release|Any CPU
		{494D0885-BCF9-41B3-AB5C-22C305BE3646}.Release|Windows Phone 8.ActiveCfg = Release|Any CPU
		{494D0885-BCF9-41B3-AB5C-22C305BE3646}.Release|Windows Phone 8.Build.0 = Release|Any CPU
		{494D0885-BCF9-41B3-AB5C-22C305BE3646}.Release|Windows-AnyCPU.ActiveCfg = Release|Any CPU
		{494D0885-BCF9-41B3-AB5C-22C305BE3646}.Release|Windows-AnyCPU.Build.0 = Release|Any CPU
		{494D0885-BCF9-41B3-AB5C-22C305BE3646}.Release|Windows-ARM.ActiveCfg = Release|Any CPU
		{494D0885-BCF9-41B3-AB5C-22C305BE3646}.Release|Windows-ARM.Build.0 = Release|Any CPU
		{494D0885-BCF9-41B3-AB5C-22C305BE3646}.Release|Windows-x64.ActiveCfg = Release|Any CPU
		{494D0885-BCF9-41B3-AB5C-22C305BE3646}.Release|Windows-x64.Build.0 = Release|Any CPU
		{494D0885-BCF9-41B3-AB5C-22C305BE3646}.Release|Windows-x86.ActiveCfg = Release|Any CPU
		{494D0885-BCF9-41B3-AB5C-22C305BE3646}.Release|Windows-x86.Build.0 = Release|Any CPU
		{494D0885-BCF9-41B3-AB5C-22C305BE3646}.Release|x64.ActiveCfg = Release|Any CPU
		{494D0885-BCF9-41B3-AB5C-22C305BE3646}.Release|x64.Build.0 = Release|Any CPU
		{494D0885-BCF9-41B3-AB5C-22C305BE3646}.Release|x86.ActiveCfg = Release|Any CPU
		{494D0885-BCF9-41B3-AB5C-22C305BE3646}.Release|x86.Build.0 = Release|Any CPU
		{D756D2D6-316A-4B38-808E-B118802349BB}.Debug|Android.ActiveCfg = Debug|Any CPU
		{D756D2D6-316A-4B38-808E-B118802349BB}.Debug|Android.Build.0 = Debug|Any CPU
		{D756D2D6-316A-4B38-808E-B118802349BB}.Debug|Any CPU.ActiveCfg = Debug|Any CPU
		{D756D2D6-316A-4B38-808E-B118802349BB}.Debug|Any CPU.Build.0 = Debug|Any CPU
		{D756D2D6-316A-4B38-808E-B118802349BB}.Debug|ARM.ActiveCfg = Debug|Any CPU
		{D756D2D6-316A-4B38-808E-B118802349BB}.Debug|ARM.Build.0 = Debug|Any CPU
		{D756D2D6-316A-4B38-808E-B118802349BB}.Debug|iOS.ActiveCfg = Debug|Any CPU
		{D756D2D6-316A-4B38-808E-B118802349BB}.Debug|iOS.Build.0 = Debug|Any CPU
		{D756D2D6-316A-4B38-808E-B118802349BB}.Debug|Windows Phone (Universal).ActiveCfg = Debug|Any CPU
		{D756D2D6-316A-4B38-808E-B118802349BB}.Debug|Windows Phone (Universal).Build.0 = Debug|Any CPU
		{D756D2D6-316A-4B38-808E-B118802349BB}.Debug|Windows Phone 8.ActiveCfg = Debug|Any CPU
		{D756D2D6-316A-4B38-808E-B118802349BB}.Debug|Windows Phone 8.Build.0 = Debug|Any CPU
		{D756D2D6-316A-4B38-808E-B118802349BB}.Debug|Windows-AnyCPU.ActiveCfg = Debug|Any CPU
		{D756D2D6-316A-4B38-808E-B118802349BB}.Debug|Windows-AnyCPU.Build.0 = Debug|Any CPU
		{D756D2D6-316A-4B38-808E-B118802349BB}.Debug|Windows-ARM.ActiveCfg = Debug|Any CPU
		{D756D2D6-316A-4B38-808E-B118802349BB}.Debug|Windows-ARM.Build.0 = Debug|Any CPU
		{D756D2D6-316A-4B38-808E-B118802349BB}.Debug|Windows-x64.ActiveCfg = Debug|Any CPU
		{D756D2D6-316A-4B38-808E-B118802349BB}.Debug|Windows-x64.Build.0 = Debug|Any CPU
		{D756D2D6-316A-4B38-808E-B118802349BB}.Debug|Windows-x86.ActiveCfg = Debug|Any CPU
		{D756D2D6-316A-4B38-808E-B118802349BB}.Debug|Windows-x86.Build.0 = Debug|Any CPU
		{D756D2D6-316A-4B38-808E-B118802349BB}.Debug|x64.ActiveCfg = Debug|Any CPU
		{D756D2D6-316A-4B38-808E-B118802349BB}.Debug|x64.Build.0 = Debug|Any CPU
		{D756D2D6-316A-4B38-808E-B118802349BB}.Debug|x86.ActiveCfg = Debug|Any CPU
		{D756D2D6-316A-4B38-808E-B118802349BB}.Debug|x86.Build.0 = Debug|Any CPU
		{D756D2D6-316A-4B38-808E-B118802349BB}.Release|Android.ActiveCfg = Release|Any CPU
		{D756D2D6-316A-4B38-808E-B118802349BB}.Release|Android.Build.0 = Release|Any CPU
		{D756D2D6-316A-4B38-808E-B118802349BB}.Release|Any CPU.ActiveCfg = Release|Any CPU
		{D756D2D6-316A-4B38-808E-B118802349BB}.Release|Any CPU.Build.0 = Release|Any CPU
		{D756D2D6-316A-4B38-808E-B118802349BB}.Release|ARM.ActiveCfg = Release|Any CPU
		{D756D2D6-316A-4B38-808E-B118802349BB}.Release|ARM.Build.0 = Release|Any CPU
		{D756D2D6-316A-4B38-808E-B118802349BB}.Release|iOS.ActiveCfg = Release|Any CPU
		{D756D2D6-316A-4B38-808E-B118802349BB}.Release|iOS.Build.0 = Release|Any CPU
		{D756D2D6-316A-4B38-808E-B118802349BB}.Release|Windows Phone (Universal).ActiveCfg = Release|Any CPU
		{D756D2D6-316A-4B38-808E-B118802349BB}.Release|Windows Phone (Universal).Build.0 = Release|Any CPU
		{D756D2D6-316A-4B38-808E-B118802349BB}.Release|Windows Phone 8.ActiveCfg = Release|Any CPU
		{D756D2D6-316A-4B38-808E-B118802349BB}.Release|Windows Phone 8.Build.0 = Release|Any CPU
		{D756D2D6-316A-4B38-808E-B118802349BB}.Release|Windows-AnyCPU.ActiveCfg = Release|Any CPU
		{D756D2D6-316A-4B38-808E-B118802349BB}.Release|Windows-AnyCPU.Build.0 = Release|Any CPU
		{D756D2D6-316A-4B38-808E-B118802349BB}.Release|Windows-ARM.ActiveCfg = Release|Any CPU
		{D756D2D6-316A-4B38-808E-B118802349BB}.Release|Windows-ARM.Build.0 = Release|Any CPU
		{D756D2D6-316A-4B38-808E-B118802349BB}.Release|Windows-x64.ActiveCfg = Release|Any CPU
		{D756D2D6-316A-4B38-808E-B118802349BB}.Release|Windows-x64.Build.0 = Release|Any CPU
		{D756D2D6-316A-4B38-808E-B118802349BB}.Release|Windows-x86.ActiveCfg = Release|Any CPU
		{D756D2D6-316A-4B38-808E-B118802349BB}.Release|Windows-x86.Build.0 = Release|Any CPU
		{D756D2D6-316A-4B38-808E-B118802349BB}.Release|x64.ActiveCfg = Release|Any CPU
		{D756D2D6-316A-4B38-808E-B118802349BB}.Release|x64.Build.0 = Release|Any CPU
		{D756D2D6-316A-4B38-808E-B118802349BB}.Release|x86.ActiveCfg = Release|Any CPU
		{D756D2D6-316A-4B38-808E-B118802349BB}.Release|x86.Build.0 = Release|Any CPU
		{8B6B7334-C76A-4CB2-BC78-4666E1E99313}.Debug|Android.ActiveCfg = Debug|Any CPU
		{8B6B7334-C76A-4CB2-BC78-4666E1E99313}.Debug|Android.Build.0 = Debug|Any CPU
		{8B6B7334-C76A-4CB2-BC78-4666E1E99313}.Debug|Any CPU.ActiveCfg = Debug|Any CPU
		{8B6B7334-C76A-4CB2-BC78-4666E1E99313}.Debug|Any CPU.Build.0 = Debug|Any CPU
		{8B6B7334-C76A-4CB2-BC78-4666E1E99313}.Debug|ARM.ActiveCfg = Debug|Any CPU
		{8B6B7334-C76A-4CB2-BC78-4666E1E99313}.Debug|ARM.Build.0 = Debug|Any CPU
		{8B6B7334-C76A-4CB2-BC78-4666E1E99313}.Debug|iOS.ActiveCfg = Debug|Any CPU
		{8B6B7334-C76A-4CB2-BC78-4666E1E99313}.Debug|iOS.Build.0 = Debug|Any CPU
		{8B6B7334-C76A-4CB2-BC78-4666E1E99313}.Debug|Windows Phone (Universal).ActiveCfg = Debug|Any CPU
		{8B6B7334-C76A-4CB2-BC78-4666E1E99313}.Debug|Windows Phone (Universal).Build.0 = Debug|Any CPU
		{8B6B7334-C76A-4CB2-BC78-4666E1E99313}.Debug|Windows Phone 8.ActiveCfg = Debug|Any CPU
		{8B6B7334-C76A-4CB2-BC78-4666E1E99313}.Debug|Windows Phone 8.Build.0 = Debug|Any CPU
		{8B6B7334-C76A-4CB2-BC78-4666E1E99313}.Debug|Windows-AnyCPU.ActiveCfg = Debug|Any CPU
		{8B6B7334-C76A-4CB2-BC78-4666E1E99313}.Debug|Windows-AnyCPU.Build.0 = Debug|Any CPU
		{8B6B7334-C76A-4CB2-BC78-4666E1E99313}.Debug|Windows-ARM.ActiveCfg = Debug|Any CPU
		{8B6B7334-C76A-4CB2-BC78-4666E1E99313}.Debug|Windows-ARM.Build.0 = Debug|Any CPU
		{8B6B7334-C76A-4CB2-BC78-4666E1E99313}.Debug|Windows-x64.ActiveCfg = Debug|Any CPU
		{8B6B7334-C76A-4CB2-BC78-4666E1E99313}.Debug|Windows-x64.Build.0 = Debug|Any CPU
		{8B6B7334-C76A-4CB2-BC78-4666E1E99313}.Debug|Windows-x86.ActiveCfg = Debug|Any CPU
		{8B6B7334-C76A-4CB2-BC78-4666E1E99313}.Debug|Windows-x86.Build.0 = Debug|Any CPU
		{8B6B7334-C76A-4CB2-BC78-4666E1E99313}.Debug|x64.ActiveCfg = Debug|Any CPU
		{8B6B7334-C76A-4CB2-BC78-4666E1E99313}.Debug|x64.Build.0 = Debug|Any CPU
		{8B6B7334-C76A-4CB2-BC78-4666E1E99313}.Debug|x86.ActiveCfg = Debug|Any CPU
		{8B6B7334-C76A-4CB2-BC78-4666E1E99313}.Debug|x86.Build.0 = Debug|Any CPU
		{8B6B7334-C76A-4CB2-BC78-4666E1E99313}.Release|Android.ActiveCfg = Release|Any CPU
		{8B6B7334-C76A-4CB2-BC78-4666E1E99313}.Release|Android.Build.0 = Release|Any CPU
		{8B6B7334-C76A-4CB2-BC78-4666E1E99313}.Release|Any CPU.ActiveCfg = Release|Any CPU
		{8B6B7334-C76A-4CB2-BC78-4666E1E99313}.Release|Any CPU.Build.0 = Release|Any CPU
		{8B6B7334-C76A-4CB2-BC78-4666E1E99313}.Release|ARM.ActiveCfg = Release|Any CPU
		{8B6B7334-C76A-4CB2-BC78-4666E1E99313}.Release|ARM.Build.0 = Release|Any CPU
		{8B6B7334-C76A-4CB2-BC78-4666E1E99313}.Release|iOS.ActiveCfg = Release|Any CPU
		{8B6B7334-C76A-4CB2-BC78-4666E1E99313}.Release|iOS.Build.0 = Release|Any CPU
		{8B6B7334-C76A-4CB2-BC78-4666E1E99313}.Release|Windows Phone (Universal).ActiveCfg = Release|Any CPU
		{8B6B7334-C76A-4CB2-BC78-4666E1E99313}.Release|Windows Phone (Universal).Build.0 = Release|Any CPU
		{8B6B7334-C76A-4CB2-BC78-4666E1E99313}.Release|Windows Phone 8.ActiveCfg = Release|Any CPU
		{8B6B7334-C76A-4CB2-BC78-4666E1E99313}.Release|Windows Phone 8.Build.0 = Release|Any CPU
		{8B6B7334-C76A-4CB2-BC78-4666E1E99313}.Release|Windows-AnyCPU.ActiveCfg = Release|Any CPU
		{8B6B7334-C76A-4CB2-BC78-4666E1E99313}.Release|Windows-AnyCPU.Build.0 = Release|Any CPU
		{8B6B7334-C76A-4CB2-BC78-4666E1E99313}.Release|Windows-ARM.ActiveCfg = Release|Any CPU
		{8B6B7334-C76A-4CB2-BC78-4666E1E99313}.Release|Windows-ARM.Build.0 = Release|Any CPU
		{8B6B7334-C76A-4CB2-BC78-4666E1E99313}.Release|Windows-x64.ActiveCfg = Release|Any CPU
		{8B6B7334-C76A-4CB2-BC78-4666E1E99313}.Release|Windows-x64.Build.0 = Release|Any CPU
		{8B6B7334-C76A-4CB2-BC78-4666E1E99313}.Release|Windows-x86.ActiveCfg = Release|Any CPU
		{8B6B7334-C76A-4CB2-BC78-4666E1E99313}.Release|Windows-x86.Build.0 = Release|Any CPU
		{8B6B7334-C76A-4CB2-BC78-4666E1E99313}.Release|x64.ActiveCfg = Release|Any CPU
		{8B6B7334-C76A-4CB2-BC78-4666E1E99313}.Release|x64.Build.0 = Release|Any CPU
		{8B6B7334-C76A-4CB2-BC78-4666E1E99313}.Release|x86.ActiveCfg = Release|Any CPU
		{8B6B7334-C76A-4CB2-BC78-4666E1E99313}.Release|x86.Build.0 = Release|Any CPU
		{6F31E535-2B00-45B9-B5BC-49D93E3388B9}.Debug|Android.ActiveCfg = Debug|Any CPU
		{6F31E535-2B00-45B9-B5BC-49D93E3388B9}.Debug|Android.Build.0 = Debug|Any CPU
		{6F31E535-2B00-45B9-B5BC-49D93E3388B9}.Debug|Any CPU.ActiveCfg = Debug|Any CPU
		{6F31E535-2B00-45B9-B5BC-49D93E3388B9}.Debug|Any CPU.Build.0 = Debug|Any CPU
		{6F31E535-2B00-45B9-B5BC-49D93E3388B9}.Debug|ARM.ActiveCfg = Debug|Any CPU
		{6F31E535-2B00-45B9-B5BC-49D93E3388B9}.Debug|ARM.Build.0 = Debug|Any CPU
		{6F31E535-2B00-45B9-B5BC-49D93E3388B9}.Debug|iOS.ActiveCfg = Debug|Any CPU
		{6F31E535-2B00-45B9-B5BC-49D93E3388B9}.Debug|iOS.Build.0 = Debug|Any CPU
		{6F31E535-2B00-45B9-B5BC-49D93E3388B9}.Debug|Windows Phone (Universal).ActiveCfg = Debug|Any CPU
		{6F31E535-2B00-45B9-B5BC-49D93E3388B9}.Debug|Windows Phone (Universal).Build.0 = Debug|Any CPU
		{6F31E535-2B00-45B9-B5BC-49D93E3388B9}.Debug|Windows Phone 8.ActiveCfg = Debug|Any CPU
		{6F31E535-2B00-45B9-B5BC-49D93E3388B9}.Debug|Windows Phone 8.Build.0 = Debug|Any CPU
		{6F31E535-2B00-45B9-B5BC-49D93E3388B9}.Debug|Windows-AnyCPU.ActiveCfg = Debug|Any CPU
		{6F31E535-2B00-45B9-B5BC-49D93E3388B9}.Debug|Windows-AnyCPU.Build.0 = Debug|Any CPU
		{6F31E535-2B00-45B9-B5BC-49D93E3388B9}.Debug|Windows-ARM.ActiveCfg = Debug|Any CPU
		{6F31E535-2B00-45B9-B5BC-49D93E3388B9}.Debug|Windows-ARM.Build.0 = Debug|Any CPU
		{6F31E535-2B00-45B9-B5BC-49D93E3388B9}.Debug|Windows-x64.ActiveCfg = Debug|Any CPU
		{6F31E535-2B00-45B9-B5BC-49D93E3388B9}.Debug|Windows-x64.Build.0 = Debug|Any CPU
		{6F31E535-2B00-45B9-B5BC-49D93E3388B9}.Debug|Windows-x86.ActiveCfg = Debug|Any CPU
		{6F31E535-2B00-45B9-B5BC-49D93E3388B9}.Debug|Windows-x86.Build.0 = Debug|Any CPU
		{6F31E535-2B00-45B9-B5BC-49D93E3388B9}.Debug|x64.ActiveCfg = Debug|Any CPU
		{6F31E535-2B00-45B9-B5BC-49D93E3388B9}.Debug|x64.Build.0 = Debug|Any CPU
		{6F31E535-2B00-45B9-B5BC-49D93E3388B9}.Debug|x86.ActiveCfg = Debug|Any CPU
		{6F31E535-2B00-45B9-B5BC-49D93E3388B9}.Debug|x86.Build.0 = Debug|Any CPU
		{6F31E535-2B00-45B9-B5BC-49D93E3388B9}.Release|Android.ActiveCfg = Release|Any CPU
		{6F31E535-2B00-45B9-B5BC-49D93E3388B9}.Release|Android.Build.0 = Release|Any CPU
		{6F31E535-2B00-45B9-B5BC-49D93E3388B9}.Release|Any CPU.ActiveCfg = Release|Any CPU
		{6F31E535-2B00-45B9-B5BC-49D93E3388B9}.Release|Any CPU.Build.0 = Release|Any CPU
		{6F31E535-2B00-45B9-B5BC-49D93E3388B9}.Release|ARM.ActiveCfg = Release|Any CPU
		{6F31E535-2B00-45B9-B5BC-49D93E3388B9}.Release|ARM.Build.0 = Release|Any CPU
		{6F31E535-2B00-45B9-B5BC-49D93E3388B9}.Release|iOS.ActiveCfg = Release|Any CPU
		{6F31E535-2B00-45B9-B5BC-49D93E3388B9}.Release|iOS.Build.0 = Release|Any CPU
		{6F31E535-2B00-45B9-B5BC-49D93E3388B9}.Release|Windows Phone (Universal).ActiveCfg = Release|Any CPU
		{6F31E535-2B00-45B9-B5BC-49D93E3388B9}.Release|Windows Phone (Universal).Build.0 = Release|Any CPU
		{6F31E535-2B00-45B9-B5BC-49D93E3388B9}.Release|Windows Phone 8.ActiveCfg = Release|Any CPU
		{6F31E535-2B00-45B9-B5BC-49D93E3388B9}.Release|Windows Phone 8.Build.0 = Release|Any CPU
		{6F31E535-2B00-45B9-B5BC-49D93E3388B9}.Release|Windows-AnyCPU.ActiveCfg = Release|Any CPU
		{6F31E535-2B00-45B9-B5BC-49D93E3388B9}.Release|Windows-AnyCPU.Build.0 = Release|Any CPU
		{6F31E535-2B00-45B9-B5BC-49D93E3388B9}.Release|Windows-ARM.ActiveCfg = Release|Any CPU
		{6F31E535-2B00-45B9-B5BC-49D93E3388B9}.Release|Windows-ARM.Build.0 = Release|Any CPU
		{6F31E535-2B00-45B9-B5BC-49D93E3388B9}.Release|Windows-x64.ActiveCfg = Release|Any CPU
		{6F31E535-2B00-45B9-B5BC-49D93E3388B9}.Release|Windows-x64.Build.0 = Release|Any CPU
		{6F31E535-2B00-45B9-B5BC-49D93E3388B9}.Release|Windows-x86.ActiveCfg = Release|Any CPU
		{6F31E535-2B00-45B9-B5BC-49D93E3388B9}.Release|Windows-x86.Build.0 = Release|Any CPU
		{6F31E535-2B00-45B9-B5BC-49D93E3388B9}.Release|x64.ActiveCfg = Release|Any CPU
		{6F31E535-2B00-45B9-B5BC-49D93E3388B9}.Release|x64.Build.0 = Release|Any CPU
		{6F31E535-2B00-45B9-B5BC-49D93E3388B9}.Release|x86.ActiveCfg = Release|Any CPU
		{6F31E535-2B00-45B9-B5BC-49D93E3388B9}.Release|x86.Build.0 = Release|Any CPU
		{0B155162-99D6-42D1-9142-E310B40A7950}.Debug|Android.ActiveCfg = Debug|Any CPU
		{0B155162-99D6-42D1-9142-E310B40A7950}.Debug|Android.Build.0 = Debug|Any CPU
		{0B155162-99D6-42D1-9142-E310B40A7950}.Debug|Any CPU.ActiveCfg = Debug|Any CPU
		{0B155162-99D6-42D1-9142-E310B40A7950}.Debug|Any CPU.Build.0 = Debug|Any CPU
		{0B155162-99D6-42D1-9142-E310B40A7950}.Debug|ARM.ActiveCfg = Debug|Any CPU
		{0B155162-99D6-42D1-9142-E310B40A7950}.Debug|ARM.Build.0 = Debug|Any CPU
		{0B155162-99D6-42D1-9142-E310B40A7950}.Debug|iOS.ActiveCfg = Debug|Any CPU
		{0B155162-99D6-42D1-9142-E310B40A7950}.Debug|iOS.Build.0 = Debug|Any CPU
		{0B155162-99D6-42D1-9142-E310B40A7950}.Debug|Windows Phone (Universal).ActiveCfg = Debug|Any CPU
		{0B155162-99D6-42D1-9142-E310B40A7950}.Debug|Windows Phone (Universal).Build.0 = Debug|Any CPU
		{0B155162-99D6-42D1-9142-E310B40A7950}.Debug|Windows Phone 8.ActiveCfg = Debug|Any CPU
		{0B155162-99D6-42D1-9142-E310B40A7950}.Debug|Windows Phone 8.Build.0 = Debug|Any CPU
		{0B155162-99D6-42D1-9142-E310B40A7950}.Debug|Windows-AnyCPU.ActiveCfg = Debug|Any CPU
		{0B155162-99D6-42D1-9142-E310B40A7950}.Debug|Windows-AnyCPU.Build.0 = Debug|Any CPU
		{0B155162-99D6-42D1-9142-E310B40A7950}.Debug|Windows-ARM.ActiveCfg = Debug|Any CPU
		{0B155162-99D6-42D1-9142-E310B40A7950}.Debug|Windows-ARM.Build.0 = Debug|Any CPU
		{0B155162-99D6-42D1-9142-E310B40A7950}.Debug|Windows-x64.ActiveCfg = Debug|Any CPU
		{0B155162-99D6-42D1-9142-E310B40A7950}.Debug|Windows-x64.Build.0 = Debug|Any CPU
		{0B155162-99D6-42D1-9142-E310B40A7950}.Debug|Windows-x86.ActiveCfg = Debug|Any CPU
		{0B155162-99D6-42D1-9142-E310B40A7950}.Debug|Windows-x86.Build.0 = Debug|Any CPU
		{0B155162-99D6-42D1-9142-E310B40A7950}.Debug|x64.ActiveCfg = Debug|Any CPU
		{0B155162-99D6-42D1-9142-E310B40A7950}.Debug|x64.Build.0 = Debug|Any CPU
		{0B155162-99D6-42D1-9142-E310B40A7950}.Debug|x86.ActiveCfg = Debug|Any CPU
		{0B155162-99D6-42D1-9142-E310B40A7950}.Debug|x86.Build.0 = Debug|Any CPU
		{0B155162-99D6-42D1-9142-E310B40A7950}.Release|Android.ActiveCfg = Release|Any CPU
		{0B155162-99D6-42D1-9142-E310B40A7950}.Release|Android.Build.0 = Release|Any CPU
		{0B155162-99D6-42D1-9142-E310B40A7950}.Release|Any CPU.ActiveCfg = Release|Any CPU
		{0B155162-99D6-42D1-9142-E310B40A7950}.Release|Any CPU.Build.0 = Release|Any CPU
		{0B155162-99D6-42D1-9142-E310B40A7950}.Release|ARM.ActiveCfg = Release|Any CPU
		{0B155162-99D6-42D1-9142-E310B40A7950}.Release|ARM.Build.0 = Release|Any CPU
		{0B155162-99D6-42D1-9142-E310B40A7950}.Release|iOS.ActiveCfg = Release|Any CPU
		{0B155162-99D6-42D1-9142-E310B40A7950}.Release|iOS.Build.0 = Release|Any CPU
		{0B155162-99D6-42D1-9142-E310B40A7950}.Release|Windows Phone (Universal).ActiveCfg = Release|Any CPU
		{0B155162-99D6-42D1-9142-E310B40A7950}.Release|Windows Phone (Universal).Build.0 = Release|Any CPU
		{0B155162-99D6-42D1-9142-E310B40A7950}.Release|Windows Phone 8.ActiveCfg = Release|Any CPU
		{0B155162-99D6-42D1-9142-E310B40A7950}.Release|Windows Phone 8.Build.0 = Release|Any CPU
		{0B155162-99D6-42D1-9142-E310B40A7950}.Release|Windows-AnyCPU.ActiveCfg = Release|Any CPU
		{0B155162-99D6-42D1-9142-E310B40A7950}.Release|Windows-AnyCPU.Build.0 = Release|Any CPU
		{0B155162-99D6-42D1-9142-E310B40A7950}.Release|Windows-ARM.ActiveCfg = Release|Any CPU
		{0B155162-99D6-42D1-9142-E310B40A7950}.Release|Windows-ARM.Build.0 = Release|Any CPU
		{0B155162-99D6-42D1-9142-E310B40A7950}.Release|Windows-x64.ActiveCfg = Release|Any CPU
		{0B155162-99D6-42D1-9142-E310B40A7950}.Release|Windows-x64.Build.0 = Release|Any CPU
		{0B155162-99D6-42D1-9142-E310B40A7950}.Release|Windows-x86.ActiveCfg = Release|Any CPU
		{0B155162-99D6-42D1-9142-E310B40A7950}.Release|Windows-x86.Build.0 = Release|Any CPU
		{0B155162-99D6-42D1-9142-E310B40A7950}.Release|x64.ActiveCfg = Release|Any CPU
		{0B155162-99D6-42D1-9142-E310B40A7950}.Release|x64.Build.0 = Release|Any CPU
		{0B155162-99D6-42D1-9142-E310B40A7950}.Release|x86.ActiveCfg = Release|Any CPU
		{0B155162-99D6-42D1-9142-E310B40A7950}.Release|x86.Build.0 = Release|Any CPU
		{08715C84-4B0E-413C-A509-D9FC73A91EA4}.Debug|Android.ActiveCfg = Debug|Any CPU
		{08715C84-4B0E-413C-A509-D9FC73A91EA4}.Debug|Android.Build.0 = Debug|Any CPU
		{08715C84-4B0E-413C-A509-D9FC73A91EA4}.Debug|Any CPU.ActiveCfg = Debug|Any CPU
		{08715C84-4B0E-413C-A509-D9FC73A91EA4}.Debug|Any CPU.Build.0 = Debug|Any CPU
		{08715C84-4B0E-413C-A509-D9FC73A91EA4}.Debug|ARM.ActiveCfg = Debug|Any CPU
		{08715C84-4B0E-413C-A509-D9FC73A91EA4}.Debug|ARM.Build.0 = Debug|Any CPU
		{08715C84-4B0E-413C-A509-D9FC73A91EA4}.Debug|iOS.ActiveCfg = Debug|Any CPU
		{08715C84-4B0E-413C-A509-D9FC73A91EA4}.Debug|iOS.Build.0 = Debug|Any CPU
		{08715C84-4B0E-413C-A509-D9FC73A91EA4}.Debug|Windows Phone (Universal).ActiveCfg = Debug|Any CPU
		{08715C84-4B0E-413C-A509-D9FC73A91EA4}.Debug|Windows Phone (Universal).Build.0 = Debug|Any CPU
		{08715C84-4B0E-413C-A509-D9FC73A91EA4}.Debug|Windows Phone 8.ActiveCfg = Debug|Any CPU
		{08715C84-4B0E-413C-A509-D9FC73A91EA4}.Debug|Windows Phone 8.Build.0 = Debug|Any CPU
		{08715C84-4B0E-413C-A509-D9FC73A91EA4}.Debug|Windows-AnyCPU.ActiveCfg = Debug|Any CPU
		{08715C84-4B0E-413C-A509-D9FC73A91EA4}.Debug|Windows-AnyCPU.Build.0 = Debug|Any CPU
		{08715C84-4B0E-413C-A509-D9FC73A91EA4}.Debug|Windows-ARM.ActiveCfg = Debug|Any CPU
		{08715C84-4B0E-413C-A509-D9FC73A91EA4}.Debug|Windows-ARM.Build.0 = Debug|Any CPU
		{08715C84-4B0E-413C-A509-D9FC73A91EA4}.Debug|Windows-x64.ActiveCfg = Debug|Any CPU
		{08715C84-4B0E-413C-A509-D9FC73A91EA4}.Debug|Windows-x64.Build.0 = Debug|Any CPU
		{08715C84-4B0E-413C-A509-D9FC73A91EA4}.Debug|Windows-x86.ActiveCfg = Debug|Any CPU
		{08715C84-4B0E-413C-A509-D9FC73A91EA4}.Debug|Windows-x86.Build.0 = Debug|Any CPU
		{08715C84-4B0E-413C-A509-D9FC73A91EA4}.Debug|x64.ActiveCfg = Debug|Any CPU
		{08715C84-4B0E-413C-A509-D9FC73A91EA4}.Debug|x64.Build.0 = Debug|Any CPU
		{08715C84-4B0E-413C-A509-D9FC73A91EA4}.Debug|x86.ActiveCfg = Debug|Any CPU
		{08715C84-4B0E-413C-A509-D9FC73A91EA4}.Debug|x86.Build.0 = Debug|Any CPU
		{08715C84-4B0E-413C-A509-D9FC73A91EA4}.Release|Android.ActiveCfg = Release|Any CPU
		{08715C84-4B0E-413C-A509-D9FC73A91EA4}.Release|Android.Build.0 = Release|Any CPU
		{08715C84-4B0E-413C-A509-D9FC73A91EA4}.Release|Any CPU.ActiveCfg = Release|Any CPU
		{08715C84-4B0E-413C-A509-D9FC73A91EA4}.Release|Any CPU.Build.0 = Release|Any CPU
		{08715C84-4B0E-413C-A509-D9FC73A91EA4}.Release|ARM.ActiveCfg = Release|Any CPU
		{08715C84-4B0E-413C-A509-D9FC73A91EA4}.Release|ARM.Build.0 = Release|Any CPU
		{08715C84-4B0E-413C-A509-D9FC73A91EA4}.Release|iOS.ActiveCfg = Release|Any CPU
		{08715C84-4B0E-413C-A509-D9FC73A91EA4}.Release|iOS.Build.0 = Release|Any CPU
		{08715C84-4B0E-413C-A509-D9FC73A91EA4}.Release|Windows Phone (Universal).ActiveCfg = Release|Any CPU
		{08715C84-4B0E-413C-A509-D9FC73A91EA4}.Release|Windows Phone (Universal).Build.0 = Release|Any CPU
		{08715C84-4B0E-413C-A509-D9FC73A91EA4}.Release|Windows Phone 8.ActiveCfg = Release|Any CPU
		{08715C84-4B0E-413C-A509-D9FC73A91EA4}.Release|Windows Phone 8.Build.0 = Release|Any CPU
		{08715C84-4B0E-413C-A509-D9FC73A91EA4}.Release|Windows-AnyCPU.ActiveCfg = Release|Any CPU
		{08715C84-4B0E-413C-A509-D9FC73A91EA4}.Release|Windows-AnyCPU.Build.0 = Release|Any CPU
		{08715C84-4B0E-413C-A509-D9FC73A91EA4}.Release|Windows-ARM.ActiveCfg = Release|Any CPU
		{08715C84-4B0E-413C-A509-D9FC73A91EA4}.Release|Windows-ARM.Build.0 = Release|Any CPU
		{08715C84-4B0E-413C-A509-D9FC73A91EA4}.Release|Windows-x64.ActiveCfg = Release|Any CPU
		{08715C84-4B0E-413C-A509-D9FC73A91EA4}.Release|Windows-x64.Build.0 = Release|Any CPU
		{08715C84-4B0E-413C-A509-D9FC73A91EA4}.Release|Windows-x86.ActiveCfg = Release|Any CPU
		{08715C84-4B0E-413C-A509-D9FC73A91EA4}.Release|Windows-x86.Build.0 = Release|Any CPU
		{08715C84-4B0E-413C-A509-D9FC73A91EA4}.Release|x64.ActiveCfg = Release|Any CPU
		{08715C84-4B0E-413C-A509-D9FC73A91EA4}.Release|x64.Build.0 = Release|Any CPU
		{08715C84-4B0E-413C-A509-D9FC73A91EA4}.Release|x86.ActiveCfg = Release|Any CPU
		{08715C84-4B0E-413C-A509-D9FC73A91EA4}.Release|x86.Build.0 = Release|Any CPU
	EndGlobalSection
	GlobalSection(SolutionProperties) = preSolution
		HideSolutionNode = FALSE
	EndGlobalSection
	GlobalSection(TeamFoundationVersionControl) = preSolution
		SccNumberOfProjects = 11
		SccEnterpriseProvider = {4CA58AB2-18FA-4F8D-95D4-32DDF27D184C}
		SccTeamFoundationServer = https://devtendo.visualstudio.com/defaultcollection
		SccLocalPath0 = .
		SccProjectUniqueName1 = GrowBot.API.DbContext\\GrowBot.API.DbContext.csproj
		SccProjectName1 = GrowBot.API.DbContext
		SccLocalPath1 = GrowBot.API.DbContext
		SccProjectUniqueName2 = GrowBot.API.IntergrationTests\\GrowBot.IntergrationTests.csproj
		SccProjectName2 = GrowBot.API.IntergrationTests
		SccLocalPath2 = GrowBot.API.IntergrationTests
		SccProjectUniqueName3 = GrowBot.API\\GrowBot.API.csproj
		SccProjectName3 = GrowBot.API
		SccLocalPath3 = GrowBot.API
		SccProjectUniqueName4 = GrowBot.Constants\\GrowBot.Constants.csproj
		SccProjectName4 = GrowBot.Constants
		SccLocalPath4 = GrowBot.Constants
		SccProjectUniqueName5 = GrowBot.DTO\\GrowBot.DTO.csproj
		SccProjectName5 = GrowBot.DTO
		SccLocalPath5 = GrowBot.DTO
		SccProjectUniqueName6 = GrowBot.Entitie\\GrowBot.API.Entities.csproj
		SccProjectName6 = GrowBot.Entitie
		SccLocalPath6 = GrowBot.Entitie
		SccProjectUniqueName7 = GrowBot.Factories\\GrowBot.API.Factories.csproj
		SccProjectName7 = GrowBot.Factories
		SccLocalPath7 = GrowBot.Factories
		SccProjectUniqueName8 = GrowBot.Repository\\GrowBot.API.Repository.csproj
		SccProjectName8 = GrowBot.Repository
		SccLocalPath8 = GrowBot.Repository
		SccProjectUniqueName9 = GrowBot.UnitTests\\GrowBot.UnitTests.csproj
		SccProjectName9 = GrowBot.UnitTests
		SccLocalPath9 = GrowBot.UnitTests
		SccProjectUniqueName10 = GrowBot.Website\\GrowBot.Website.csproj
		SccProjectName10 = GrowBot.Website
		SccLocalPath10 = GrowBot.Website
	EndGlobalSection
EndGlobal
